// !$*UTF8*$!
{
	archiveVersion = 1;
	classes = {
	};
	objectVersion = 50;
	objects = {

/* Begin PBXBuildFile section */
		ED4405922320097300939EA6 /* FocusTv.framework in Frameworks */ = {isa = PBXBuildFile; fileRef = ED4405882320097300939EA6 /* FocusTv.framework */; };
		ED4405972320097300939EA6 /* FocusTvTests.swift in Sources */ = {isa = PBXBuildFile; fileRef = ED4405962320097300939EA6 /* FocusTvTests.swift */; };
		ED4405992320097300939EA6 /* FocusTv.h in Headers */ = {isa = PBXBuildFile; fileRef = ED44058B2320097300939EA6 /* FocusTv.h */; settings = {ATTRIBUTES = (Public, ); }; };
		ED4405A32320099500939EA6 /* FocusTv.swift in Sources */ = {isa = PBXBuildFile; fileRef = ED4405A22320099500939EA6 /* FocusTv.swift */; };
		ED4405AB23200A8F00939EA6 /* AppDelegate.swift in Sources */ = {isa = PBXBuildFile; fileRef = ED4405AA23200A8F00939EA6 /* AppDelegate.swift */; };
		ED4405AD23200A8F00939EA6 /* ViewController.swift in Sources */ = {isa = PBXBuildFile; fileRef = ED4405AC23200A8F00939EA6 /* ViewController.swift */; };
		ED4405B023200A8F00939EA6 /* Main.storyboard in Resources */ = {isa = PBXBuildFile; fileRef = ED4405AE23200A8F00939EA6 /* Main.storyboard */; };
		ED4405B223200A9100939EA6 /* Assets.xcassets in Resources */ = {isa = PBXBuildFile; fileRef = ED4405B123200A9100939EA6 /* Assets.xcassets */; };
		ED4405BD23200A9100939EA6 /* ExampleTests.swift in Sources */ = {isa = PBXBuildFile; fileRef = ED4405BC23200A9100939EA6 /* ExampleTests.swift */; };
		ED4405C823200A9100939EA6 /* ExampleUITests.swift in Sources */ = {isa = PBXBuildFile; fileRef = ED4405C723200A9100939EA6 /* ExampleUITests.swift */; };
		ED74501C2322B27600A82533 /* QuadrantBottomRight.swift in Sources */ = {isa = PBXBuildFile; fileRef = ED74501B2322B27600A82533 /* QuadrantBottomRight.swift */; };
		ED74501E2322B2D200A82533 /* QuadrantProtocol.swift in Sources */ = {isa = PBXBuildFile; fileRef = ED74501D2322B2D200A82533 /* QuadrantProtocol.swift */; };
		ED7450202322C25B00A82533 /* QuadrantBottomLeft.swift in Sources */ = {isa = PBXBuildFile; fileRef = ED74501F2322C25B00A82533 /* QuadrantBottomLeft.swift */; };
		ED7450222322C39D00A82533 /* extension.swift in Sources */ = {isa = PBXBuildFile; fileRef = ED7450212322C39D00A82533 /* extension.swift */; };
		ED9B46032322E98300751781 /* QuadrantTopLeft.swift in Sources */ = {isa = PBXBuildFile; fileRef = ED9B46022322E98300751781 /* QuadrantTopLeft.swift */; };
		ED9B46052322EDC200751781 /* QuadrantTopRight.swift in Sources */ = {isa = PBXBuildFile; fileRef = ED9B46042322EDC200751781 /* QuadrantTopRight.swift */; };
/* End PBXBuildFile section */

/* Begin PBXContainerItemProxy section */
		ED4405932320097300939EA6 /* PBXContainerItemProxy */ = {
			isa = PBXContainerItemProxy;
			containerPortal = ED44057F2320097300939EA6 /* Project object */;
			proxyType = 1;
			remoteGlobalIDString = ED4405872320097300939EA6;
			remoteInfo = FocusTv;
		};
		ED4405B923200A9100939EA6 /* PBXContainerItemProxy */ = {
			isa = PBXContainerItemProxy;
			containerPortal = ED44057F2320097300939EA6 /* Project object */;
			proxyType = 1;
			remoteGlobalIDString = ED4405A723200A8F00939EA6;
			remoteInfo = Example;
		};
		ED4405C423200A9100939EA6 /* PBXContainerItemProxy */ = {
			isa = PBXContainerItemProxy;
			containerPortal = ED44057F2320097300939EA6 /* Project object */;
			proxyType = 1;
			remoteGlobalIDString = ED4405A723200A8F00939EA6;
			remoteInfo = Example;
		};
/* End PBXContainerItemProxy section */

/* Begin PBXFileReference section */
		ED4405882320097300939EA6 /* FocusTv.framework */ = {isa = PBXFileReference; explicitFileType = wrapper.framework; includeInIndex = 0; path = FocusTv.framework; sourceTree = BUILT_PRODUCTS_DIR; };
		ED44058B2320097300939EA6 /* FocusTv.h */ = {isa = PBXFileReference; lastKnownFileType = sourcecode.c.h; path = FocusTv.h; sourceTree = "<group>"; };
		ED44058C2320097300939EA6 /* Info.plist */ = {isa = PBXFileReference; lastKnownFileType = text.plist.xml; path = Info.plist; sourceTree = "<group>"; };
		ED4405912320097300939EA6 /* FocusTvTests.xctest */ = {isa = PBXFileReference; explicitFileType = wrapper.cfbundle; includeInIndex = 0; path = FocusTvTests.xctest; sourceTree = BUILT_PRODUCTS_DIR; };
		ED4405962320097300939EA6 /* FocusTvTests.swift */ = {isa = PBXFileReference; lastKnownFileType = sourcecode.swift; path = FocusTvTests.swift; sourceTree = "<group>"; };
		ED4405982320097300939EA6 /* Info.plist */ = {isa = PBXFileReference; lastKnownFileType = text.plist.xml; path = Info.plist; sourceTree = "<group>"; };
		ED4405A22320099500939EA6 /* FocusTv.swift */ = {isa = PBXFileReference; lastKnownFileType = sourcecode.swift; path = FocusTv.swift; sourceTree = "<group>"; };
		ED4405A823200A8F00939EA6 /* Example.app */ = {isa = PBXFileReference; explicitFileType = wrapper.application; includeInIndex = 0; path = Example.app; sourceTree = BUILT_PRODUCTS_DIR; };
		ED4405AA23200A8F00939EA6 /* AppDelegate.swift */ = {isa = PBXFileReference; lastKnownFileType = sourcecode.swift; path = AppDelegate.swift; sourceTree = "<group>"; };
		ED4405AC23200A8F00939EA6 /* ViewController.swift */ = {isa = PBXFileReference; lastKnownFileType = sourcecode.swift; path = ViewController.swift; sourceTree = "<group>"; };
		ED4405AF23200A8F00939EA6 /* Base */ = {isa = PBXFileReference; lastKnownFileType = file.storyboard; name = Base; path = Base.lproj/Main.storyboard; sourceTree = "<group>"; };
		ED4405B123200A9100939EA6 /* Assets.xcassets */ = {isa = PBXFileReference; lastKnownFileType = folder.assetcatalog; path = Assets.xcassets; sourceTree = "<group>"; };
		ED4405B323200A9100939EA6 /* Info.plist */ = {isa = PBXFileReference; lastKnownFileType = text.plist.xml; path = Info.plist; sourceTree = "<group>"; };
		ED4405B823200A9100939EA6 /* ExampleTests.xctest */ = {isa = PBXFileReference; explicitFileType = wrapper.cfbundle; includeInIndex = 0; path = ExampleTests.xctest; sourceTree = BUILT_PRODUCTS_DIR; };
		ED4405BC23200A9100939EA6 /* ExampleTests.swift */ = {isa = PBXFileReference; lastKnownFileType = sourcecode.swift; path = ExampleTests.swift; sourceTree = "<group>"; };
		ED4405BE23200A9100939EA6 /* Info.plist */ = {isa = PBXFileReference; lastKnownFileType = text.plist.xml; path = Info.plist; sourceTree = "<group>"; };
		ED4405C323200A9100939EA6 /* ExampleUITests.xctest */ = {isa = PBXFileReference; explicitFileType = wrapper.cfbundle; includeInIndex = 0; path = ExampleUITests.xctest; sourceTree = BUILT_PRODUCTS_DIR; };
		ED4405C723200A9100939EA6 /* ExampleUITests.swift */ = {isa = PBXFileReference; lastKnownFileType = sourcecode.swift; path = ExampleUITests.swift; sourceTree = "<group>"; };
		ED4405C923200A9100939EA6 /* Info.plist */ = {isa = PBXFileReference; lastKnownFileType = text.plist.xml; path = Info.plist; sourceTree = "<group>"; };
		ED74501B2322B27600A82533 /* QuadrantBottomRight.swift */ = {isa = PBXFileReference; lastKnownFileType = sourcecode.swift; path = QuadrantBottomRight.swift; sourceTree = "<group>"; };
		ED74501D2322B2D200A82533 /* QuadrantProtocol.swift */ = {isa = PBXFileReference; lastKnownFileType = sourcecode.swift; path = QuadrantProtocol.swift; sourceTree = "<group>"; };
		ED74501F2322C25B00A82533 /* QuadrantBottomLeft.swift */ = {isa = PBXFileReference; lastKnownFileType = sourcecode.swift; path = QuadrantBottomLeft.swift; sourceTree = "<group>"; };
		ED7450212322C39D00A82533 /* extension.swift */ = {isa = PBXFileReference; lastKnownFileType = sourcecode.swift; name = extension.swift; path = ../../focusTv/focusTv/extension.swift; sourceTree = "<group>"; };
		ED9B46022322E98300751781 /* QuadrantTopLeft.swift */ = {isa = PBXFileReference; lastKnownFileType = sourcecode.swift; name = QuadrantTopLeft.swift; path = focusTv/quadrantFocus/QuadrantTopLeft.swift; sourceTree = SOURCE_ROOT; };
		ED9B46042322EDC200751781 /* QuadrantTopRight.swift */ = {isa = PBXFileReference; lastKnownFileType = sourcecode.swift; name = QuadrantTopRight.swift; path = focusTv/quadrantFocus/QuadrantTopRight.swift; sourceTree = SOURCE_ROOT; };
/* End PBXFileReference section */

/* Begin PBXFrameworksBuildPhase section */
		ED4405852320097300939EA6 /* Frameworks */ = {
			isa = PBXFrameworksBuildPhase;
			buildActionMask = 2147483647;
			files = (
			);
			runOnlyForDeploymentPostprocessing = 0;
		};
		ED44058E2320097300939EA6 /* Frameworks */ = {
			isa = PBXFrameworksBuildPhase;
			buildActionMask = 2147483647;
			files = (
				ED4405922320097300939EA6 /* FocusTv.framework in Frameworks */,
			);
			runOnlyForDeploymentPostprocessing = 0;
		};
		ED4405A523200A8F00939EA6 /* Frameworks */ = {
			isa = PBXFrameworksBuildPhase;
			buildActionMask = 2147483647;
			files = (
			);
			runOnlyForDeploymentPostprocessing = 0;
		};
		ED4405B523200A9100939EA6 /* Frameworks */ = {
			isa = PBXFrameworksBuildPhase;
			buildActionMask = 2147483647;
			files = (
			);
			runOnlyForDeploymentPostprocessing = 0;
		};
		ED4405C023200A9100939EA6 /* Frameworks */ = {
			isa = PBXFrameworksBuildPhase;
			buildActionMask = 2147483647;
			files = (
			);
			runOnlyForDeploymentPostprocessing = 0;
		};
/* End PBXFrameworksBuildPhase section */

/* Begin PBXGroup section */
		ED44057E2320097300939EA6 = {
			isa = PBXGroup;
			children = (
				ED44058A2320097300939EA6 /* FocusTv */,
				ED4405952320097300939EA6 /* FocusTvTests */,
				ED4405A923200A8F00939EA6 /* Example */,
				ED4405BB23200A9100939EA6 /* ExampleTests */,
				ED4405C623200A9100939EA6 /* ExampleUITests */,
				ED4405892320097300939EA6 /* Products */,
				ED4405D323200CDC00939EA6 /* Frameworks */,
			);
			sourceTree = "<group>";
		};
		ED4405892320097300939EA6 /* Products */ = {
			isa = PBXGroup;
			children = (
				ED4405882320097300939EA6 /* FocusTv.framework */,
				ED4405912320097300939EA6 /* FocusTvTests.xctest */,
				ED4405A823200A8F00939EA6 /* Example.app */,
				ED4405B823200A9100939EA6 /* ExampleTests.xctest */,
				ED4405C323200A9100939EA6 /* ExampleUITests.xctest */,
			);
			name = Products;
			sourceTree = "<group>";
		};
		ED44058A2320097300939EA6 /* FocusTv */ = {
			isa = PBXGroup;
			children = (
				ED74501A2322B20B00A82533 /* quadrantFocus */,
				ED44058B2320097300939EA6 /* FocusTv.h */,
				ED44058C2320097300939EA6 /* Info.plist */,
				ED4405A22320099500939EA6 /* FocusTv.swift */,
				ED7450212322C39D00A82533 /* extension.swift */,
			);
			path = FocusTv;
			sourceTree = "<group>";
		};
		ED4405952320097300939EA6 /* FocusTvTests */ = {
			isa = PBXGroup;
			children = (
				ED4405962320097300939EA6 /* FocusTvTests.swift */,
				ED4405982320097300939EA6 /* Info.plist */,
			);
			path = FocusTvTests;
			sourceTree = "<group>";
		};
		ED4405A923200A8F00939EA6 /* Example */ = {
			isa = PBXGroup;
			children = (
				ED4405AA23200A8F00939EA6 /* AppDelegate.swift */,
				ED4405AC23200A8F00939EA6 /* ViewController.swift */,
				ED4405AE23200A8F00939EA6 /* Main.storyboard */,
				ED4405B123200A9100939EA6 /* Assets.xcassets */,
				ED4405B323200A9100939EA6 /* Info.plist */,
			);
			path = Example;
			sourceTree = "<group>";
		};
		ED4405BB23200A9100939EA6 /* ExampleTests */ = {
			isa = PBXGroup;
			children = (
				ED4405BC23200A9100939EA6 /* ExampleTests.swift */,
				ED4405BE23200A9100939EA6 /* Info.plist */,
			);
			path = ExampleTests;
			sourceTree = "<group>";
		};
		ED4405C623200A9100939EA6 /* ExampleUITests */ = {
			isa = PBXGroup;
			children = (
				ED4405C723200A9100939EA6 /* ExampleUITests.swift */,
				ED4405C923200A9100939EA6 /* Info.plist */,
			);
			path = ExampleUITests;
			sourceTree = "<group>";
		};
		ED4405D323200CDC00939EA6 /* Frameworks */ = {
			isa = PBXGroup;
			children = (
			);
			name = Frameworks;
			sourceTree = "<group>";
		};
		ED74501A2322B20B00A82533 /* quadrantFocus */ = {
			isa = PBXGroup;
			children = (
				ED74501B2322B27600A82533 /* QuadrantBottomRight.swift */,
				ED74501D2322B2D200A82533 /* QuadrantProtocol.swift */,
				ED74501F2322C25B00A82533 /* QuadrantBottomLeft.swift */,
				ED9B46022322E98300751781 /* QuadrantTopLeft.swift */,
				ED9B46042322EDC200751781 /* QuadrantTopRight.swift */,
			);
			path = quadrantFocus;
			sourceTree = "<group>";
		};
/* End PBXGroup section */

/* Begin PBXHeadersBuildPhase section */
		ED4405832320097300939EA6 /* Headers */ = {
			isa = PBXHeadersBuildPhase;
			buildActionMask = 2147483647;
			files = (
				ED4405992320097300939EA6 /* FocusTv.h in Headers */,
			);
			runOnlyForDeploymentPostprocessing = 0;
		};
/* End PBXHeadersBuildPhase section */

/* Begin PBXNativeTarget section */
		ED4405872320097300939EA6 /* FocusTv */ = {
			isa = PBXNativeTarget;
			buildConfigurationList = ED44059C2320097300939EA6 /* Build configuration list for PBXNativeTarget "FocusTv" */;
			buildPhases = (
				ED4405832320097300939EA6 /* Headers */,
				ED4405842320097300939EA6 /* Sources */,
				ED4405852320097300939EA6 /* Frameworks */,
				ED4405862320097300939EA6 /* Resources */,
			);
			buildRules = (
			);
			dependencies = (
			);
			name = FocusTv;
			productName = FocusTv;
			productReference = ED4405882320097300939EA6 /* FocusTv.framework */;
			productType = "com.apple.product-type.framework";
		};
		ED4405902320097300939EA6 /* FocusTvTests */ = {
			isa = PBXNativeTarget;
			buildConfigurationList = ED44059F2320097300939EA6 /* Build configuration list for PBXNativeTarget "FocusTvTests" */;
			buildPhases = (
				ED44058D2320097300939EA6 /* Sources */,
				ED44058E2320097300939EA6 /* Frameworks */,
				ED44058F2320097300939EA6 /* Resources */,
			);
			buildRules = (
			);
			dependencies = (
				ED4405942320097300939EA6 /* PBXTargetDependency */,
			);
			name = FocusTvTests;
			productName = FocusTvTests;
			productReference = ED4405912320097300939EA6 /* FocusTvTests.xctest */;
			productType = "com.apple.product-type.bundle.unit-test";
		};
		ED4405A723200A8F00939EA6 /* Example */ = {
			isa = PBXNativeTarget;
			buildConfigurationList = ED4405CA23200A9100939EA6 /* Build configuration list for PBXNativeTarget "Example" */;
			buildPhases = (
				ED4405A423200A8F00939EA6 /* Sources */,
				ED4405A523200A8F00939EA6 /* Frameworks */,
				ED4405A623200A8F00939EA6 /* Resources */,
			);
			buildRules = (
			);
			dependencies = (
			);
			name = Example;
			productName = Example;
			productReference = ED4405A823200A8F00939EA6 /* Example.app */;
			productType = "com.apple.product-type.application";
		};
		ED4405B723200A9100939EA6 /* ExampleTests */ = {
			isa = PBXNativeTarget;
			buildConfigurationList = ED4405CD23200A9100939EA6 /* Build configuration list for PBXNativeTarget "ExampleTests" */;
			buildPhases = (
				ED4405B423200A9100939EA6 /* Sources */,
				ED4405B523200A9100939EA6 /* Frameworks */,
				ED4405B623200A9100939EA6 /* Resources */,
			);
			buildRules = (
			);
			dependencies = (
				ED4405BA23200A9100939EA6 /* PBXTargetDependency */,
			);
			name = ExampleTests;
			productName = ExampleTests;
			productReference = ED4405B823200A9100939EA6 /* ExampleTests.xctest */;
			productType = "com.apple.product-type.bundle.unit-test";
		};
		ED4405C223200A9100939EA6 /* ExampleUITests */ = {
			isa = PBXNativeTarget;
			buildConfigurationList = ED4405D023200A9100939EA6 /* Build configuration list for PBXNativeTarget "ExampleUITests" */;
			buildPhases = (
				ED4405BF23200A9100939EA6 /* Sources */,
				ED4405C023200A9100939EA6 /* Frameworks */,
				ED4405C123200A9100939EA6 /* Resources */,
			);
			buildRules = (
			);
			dependencies = (
				ED4405C523200A9100939EA6 /* PBXTargetDependency */,
			);
			name = ExampleUITests;
			productName = ExampleUITests;
			productReference = ED4405C323200A9100939EA6 /* ExampleUITests.xctest */;
			productType = "com.apple.product-type.bundle.ui-testing";
		};
/* End PBXNativeTarget section */

/* Begin PBXProject section */
		ED44057F2320097300939EA6 /* Project object */ = {
			isa = PBXProject;
			attributes = {
				LastSwiftUpdateCheck = 1030;
				LastUpgradeCheck = 1030;
				ORGANIZATIONNAME = eduardo.silva;
				TargetAttributes = {
					ED4405872320097300939EA6 = {
						CreatedOnToolsVersion = 10.3;
						LastSwiftMigration = 1030;
					};
					ED4405902320097300939EA6 = {
						CreatedOnToolsVersion = 10.3;
					};
					ED4405A723200A8F00939EA6 = {
						CreatedOnToolsVersion = 10.3;
					};
					ED4405B723200A9100939EA6 = {
						CreatedOnToolsVersion = 10.3;
						TestTargetID = ED4405A723200A8F00939EA6;
					};
					ED4405C223200A9100939EA6 = {
						CreatedOnToolsVersion = 10.3;
						TestTargetID = ED4405A723200A8F00939EA6;
					};
				};
			};
			buildConfigurationList = ED4405822320097300939EA6 /* Build configuration list for PBXProject "FocusTv" */;
			compatibilityVersion = "Xcode 9.3";
			developmentRegion = en;
			hasScannedForEncodings = 0;
			knownRegions = (
				en,
				Base,
			);
			mainGroup = ED44057E2320097300939EA6;
			productRefGroup = ED4405892320097300939EA6 /* Products */;
			projectDirPath = "";
			projectRoot = "";
			targets = (
				ED4405872320097300939EA6 /* FocusTv */,
				ED4405902320097300939EA6 /* FocusTvTests */,
				ED4405A723200A8F00939EA6 /* Example */,
				ED4405B723200A9100939EA6 /* ExampleTests */,
				ED4405C223200A9100939EA6 /* ExampleUITests */,
			);
		};
/* End PBXProject section */

/* Begin PBXResourcesBuildPhase section */
		ED4405862320097300939EA6 /* Resources */ = {
			isa = PBXResourcesBuildPhase;
			buildActionMask = 2147483647;
			files = (
			);
			runOnlyForDeploymentPostprocessing = 0;
		};
		ED44058F2320097300939EA6 /* Resources */ = {
			isa = PBXResourcesBuildPhase;
			buildActionMask = 2147483647;
			files = (
			);
			runOnlyForDeploymentPostprocessing = 0;
		};
		ED4405A623200A8F00939EA6 /* Resources */ = {
			isa = PBXResourcesBuildPhase;
			buildActionMask = 2147483647;
			files = (
				ED4405B223200A9100939EA6 /* Assets.xcassets in Resources */,
				ED4405B023200A8F00939EA6 /* Main.storyboard in Resources */,
			);
			runOnlyForDeploymentPostprocessing = 0;
		};
		ED4405B623200A9100939EA6 /* Resources */ = {
			isa = PBXResourcesBuildPhase;
			buildActionMask = 2147483647;
			files = (
			);
			runOnlyForDeploymentPostprocessing = 0;
		};
		ED4405C123200A9100939EA6 /* Resources */ = {
			isa = PBXResourcesBuildPhase;
			buildActionMask = 2147483647;
			files = (
			);
			runOnlyForDeploymentPostprocessing = 0;
		};
/* End PBXResourcesBuildPhase section */

/* Begin PBXSourcesBuildPhase section */
		ED4405842320097300939EA6 /* Sources */ = {
			isa = PBXSourcesBuildPhase;
			buildActionMask = 2147483647;
			files = (
				ED4405A32320099500939EA6 /* FocusTv.swift in Sources */,
				ED74501C2322B27600A82533 /* QuadrantBottomRight.swift in Sources */,
				ED9B46052322EDC200751781 /* QuadrantTopRight.swift in Sources */,
				ED9B46032322E98300751781 /* QuadrantTopLeft.swift in Sources */,
				ED74501E2322B2D200A82533 /* QuadrantProtocol.swift in Sources */,
				ED7450222322C39D00A82533 /* extension.swift in Sources */,
				ED7450202322C25B00A82533 /* QuadrantBottomLeft.swift in Sources */,
			);
			runOnlyForDeploymentPostprocessing = 0;
		};
		ED44058D2320097300939EA6 /* Sources */ = {
			isa = PBXSourcesBuildPhase;
			buildActionMask = 2147483647;
			files = (
				ED4405972320097300939EA6 /* FocusTvTests.swift in Sources */,
			);
			runOnlyForDeploymentPostprocessing = 0;
		};
		ED4405A423200A8F00939EA6 /* Sources */ = {
			isa = PBXSourcesBuildPhase;
			buildActionMask = 2147483647;
			files = (
				ED4405AD23200A8F00939EA6 /* ViewController.swift in Sources */,
				ED4405AB23200A8F00939EA6 /* AppDelegate.swift in Sources */,
			);
			runOnlyForDeploymentPostprocessing = 0;
		};
		ED4405B423200A9100939EA6 /* Sources */ = {
			isa = PBXSourcesBuildPhase;
			buildActionMask = 2147483647;
			files = (
				ED4405BD23200A9100939EA6 /* ExampleTests.swift in Sources */,
			);
			runOnlyForDeploymentPostprocessing = 0;
		};
		ED4405BF23200A9100939EA6 /* Sources */ = {
			isa = PBXSourcesBuildPhase;
			buildActionMask = 2147483647;
			files = (
				ED4405C823200A9100939EA6 /* ExampleUITests.swift in Sources */,
			);
			runOnlyForDeploymentPostprocessing = 0;
		};
/* End PBXSourcesBuildPhase section */

/* Begin PBXTargetDependency section */
		ED4405942320097300939EA6 /* PBXTargetDependency */ = {
			isa = PBXTargetDependency;
			target = ED4405872320097300939EA6 /* FocusTv */;
			targetProxy = ED4405932320097300939EA6 /* PBXContainerItemProxy */;
		};
		ED4405BA23200A9100939EA6 /* PBXTargetDependency */ = {
			isa = PBXTargetDependency;
			target = ED4405A723200A8F00939EA6 /* Example */;
			targetProxy = ED4405B923200A9100939EA6 /* PBXContainerItemProxy */;
		};
		ED4405C523200A9100939EA6 /* PBXTargetDependency */ = {
			isa = PBXTargetDependency;
			target = ED4405A723200A8F00939EA6 /* Example */;
			targetProxy = ED4405C423200A9100939EA6 /* PBXContainerItemProxy */;
		};
/* End PBXTargetDependency section */

/* Begin PBXVariantGroup section */
		ED4405AE23200A8F00939EA6 /* Main.storyboard */ = {
			isa = PBXVariantGroup;
			children = (
				ED4405AF23200A8F00939EA6 /* Base */,
			);
			name = Main.storyboard;
			sourceTree = "<group>";
		};
/* End PBXVariantGroup section */

/* Begin XCBuildConfiguration section */
		ED44059A2320097300939EA6 /* Debug */ = {
			isa = XCBuildConfiguration;
			buildSettings = {
				ALWAYS_SEARCH_USER_PATHS = NO;
				CLANG_ANALYZER_NONNULL = YES;
				CLANG_ANALYZER_NUMBER_OBJECT_CONVERSION = YES_AGGRESSIVE;
				CLANG_CXX_LANGUAGE_STANDARD = "gnu++14";
				CLANG_CXX_LIBRARY = "libc++";
				CLANG_ENABLE_MODULES = YES;
				CLANG_ENABLE_OBJC_ARC = YES;
				CLANG_ENABLE_OBJC_WEAK = YES;
				CLANG_WARN_BLOCK_CAPTURE_AUTORELEASING = YES;
				CLANG_WARN_BOOL_CONVERSION = YES;
				CLANG_WARN_COMMA = YES;
				CLANG_WARN_CONSTANT_CONVERSION = YES;
				CLANG_WARN_DEPRECATED_OBJC_IMPLEMENTATIONS = YES;
				CLANG_WARN_DIRECT_OBJC_ISA_USAGE = YES_ERROR;
				CLANG_WARN_DOCUMENTATION_COMMENTS = YES;
				CLANG_WARN_EMPTY_BODY = YES;
				CLANG_WARN_ENUM_CONVERSION = YES;
				CLANG_WARN_INFINITE_RECURSION = YES;
				CLANG_WARN_INT_CONVERSION = YES;
				CLANG_WARN_NON_LITERAL_NULL_CONVERSION = YES;
				CLANG_WARN_OBJC_IMPLICIT_RETAIN_SELF = YES;
				CLANG_WARN_OBJC_LITERAL_CONVERSION = YES;
				CLANG_WARN_OBJC_ROOT_CLASS = YES_ERROR;
				CLANG_WARN_RANGE_LOOP_ANALYSIS = YES;
				CLANG_WARN_STRICT_PROTOTYPES = YES;
				CLANG_WARN_SUSPICIOUS_MOVE = YES;
				CLANG_WARN_UNGUARDED_AVAILABILITY = YES_AGGRESSIVE;
				CLANG_WARN_UNREACHABLE_CODE = YES;
				CLANG_WARN__DUPLICATE_METHOD_MATCH = YES;
				COPY_PHASE_STRIP = NO;
				CURRENT_PROJECT_VERSION = 1;
				DEBUG_INFORMATION_FORMAT = dwarf;
				ENABLE_STRICT_OBJC_MSGSEND = YES;
				ENABLE_TESTABILITY = YES;
				GCC_C_LANGUAGE_STANDARD = gnu11;
				GCC_DYNAMIC_NO_PIC = NO;
				GCC_NO_COMMON_BLOCKS = YES;
				GCC_OPTIMIZATION_LEVEL = 0;
				GCC_PREPROCESSOR_DEFINITIONS = (
					"DEBUG=1",
					"$(inherited)",
				);
				GCC_WARN_64_TO_32_BIT_CONVERSION = YES;
				GCC_WARN_ABOUT_RETURN_TYPE = YES_ERROR;
				GCC_WARN_UNDECLARED_SELECTOR = YES;
				GCC_WARN_UNINITIALIZED_AUTOS = YES_AGGRESSIVE;
				GCC_WARN_UNUSED_FUNCTION = YES;
				GCC_WARN_UNUSED_VARIABLE = YES;
				MTL_ENABLE_DEBUG_INFO = INCLUDE_SOURCE;
				MTL_FAST_MATH = YES;
				ONLY_ACTIVE_ARCH = YES;
				SDKROOT = appletvos;
				SWIFT_ACTIVE_COMPILATION_CONDITIONS = DEBUG;
				SWIFT_OPTIMIZATION_LEVEL = "-Onone";
				TVOS_DEPLOYMENT_TARGET = 12.4;
				VERSIONING_SYSTEM = "apple-generic";
				VERSION_INFO_PREFIX = "";
			};
			name = Debug;
		};
		ED44059B2320097300939EA6 /* Release */ = {
			isa = XCBuildConfiguration;
			buildSettings = {
				ALWAYS_SEARCH_USER_PATHS = NO;
				CLANG_ANALYZER_NONNULL = YES;
				CLANG_ANALYZER_NUMBER_OBJECT_CONVERSION = YES_AGGRESSIVE;
				CLANG_CXX_LANGUAGE_STANDARD = "gnu++14";
				CLANG_CXX_LIBRARY = "libc++";
				CLANG_ENABLE_MODULES = YES;
				CLANG_ENABLE_OBJC_ARC = YES;
				CLANG_ENABLE_OBJC_WEAK = YES;
				CLANG_WARN_BLOCK_CAPTURE_AUTORELEASING = YES;
				CLANG_WARN_BOOL_CONVERSION = YES;
				CLANG_WARN_COMMA = YES;
				CLANG_WARN_CONSTANT_CONVERSION = YES;
				CLANG_WARN_DEPRECATED_OBJC_IMPLEMENTATIONS = YES;
				CLANG_WARN_DIRECT_OBJC_ISA_USAGE = YES_ERROR;
				CLANG_WARN_DOCUMENTATION_COMMENTS = YES;
				CLANG_WARN_EMPTY_BODY = YES;
				CLANG_WARN_ENUM_CONVERSION = YES;
				CLANG_WARN_INFINITE_RECURSION = YES;
				CLANG_WARN_INT_CONVERSION = YES;
				CLANG_WARN_NON_LITERAL_NULL_CONVERSION = YES;
				CLANG_WARN_OBJC_IMPLICIT_RETAIN_SELF = YES;
				CLANG_WARN_OBJC_LITERAL_CONVERSION = YES;
				CLANG_WARN_OBJC_ROOT_CLASS = YES_ERROR;
				CLANG_WARN_RANGE_LOOP_ANALYSIS = YES;
				CLANG_WARN_STRICT_PROTOTYPES = YES;
				CLANG_WARN_SUSPICIOUS_MOVE = YES;
				CLANG_WARN_UNGUARDED_AVAILABILITY = YES_AGGRESSIVE;
				CLANG_WARN_UNREACHABLE_CODE = YES;
				CLANG_WARN__DUPLICATE_METHOD_MATCH = YES;
				COPY_PHASE_STRIP = NO;
				CURRENT_PROJECT_VERSION = 1;
				DEBUG_INFORMATION_FORMAT = "dwarf-with-dsym";
				ENABLE_NS_ASSERTIONS = NO;
				ENABLE_STRICT_OBJC_MSGSEND = YES;
				GCC_C_LANGUAGE_STANDARD = gnu11;
				GCC_NO_COMMON_BLOCKS = YES;
				GCC_WARN_64_TO_32_BIT_CONVERSION = YES;
				GCC_WARN_ABOUT_RETURN_TYPE = YES_ERROR;
				GCC_WARN_UNDECLARED_SELECTOR = YES;
				GCC_WARN_UNINITIALIZED_AUTOS = YES_AGGRESSIVE;
				GCC_WARN_UNUSED_FUNCTION = YES;
				GCC_WARN_UNUSED_VARIABLE = YES;
				MTL_ENABLE_DEBUG_INFO = NO;
				MTL_FAST_MATH = YES;
				SDKROOT = appletvos;
				SWIFT_COMPILATION_MODE = wholemodule;
				SWIFT_OPTIMIZATION_LEVEL = "-O";
				TVOS_DEPLOYMENT_TARGET = 12.4;
				VALIDATE_PRODUCT = YES;
				VERSIONING_SYSTEM = "apple-generic";
				VERSION_INFO_PREFIX = "";
			};
			name = Release;
		};
		ED44059D2320097300939EA6 /* Debug */ = {
			isa = XCBuildConfiguration;
			buildSettings = {
				CLANG_ENABLE_MODULES = YES;
				CODE_SIGN_IDENTITY = "";
				CODE_SIGN_STYLE = Automatic;
				DEFINES_MODULE = YES;
				DYLIB_COMPATIBILITY_VERSION = 1;
				DYLIB_CURRENT_VERSION = 1;
				DYLIB_INSTALL_NAME_BASE = "@rpath";
				INFOPLIST_FILE = FocusTv/Info.plist;
				INSTALL_PATH = "$(LOCAL_LIBRARY_DIR)/Frameworks";
				LD_RUNPATH_SEARCH_PATHS = (
					"$(inherited)",
					"@executable_path/Frameworks",
					"@loader_path/Frameworks",
				);
				PRODUCT_BUNDLE_IDENTIFIER = com.focustv.FocusTv;
				PRODUCT_NAME = "$(TARGET_NAME:c99extidentifier)";
				SKIP_INSTALL = YES;
				SWIFT_OPTIMIZATION_LEVEL = "-Onone";
				SWIFT_VERSION = 5.0;
				TARGETED_DEVICE_FAMILY = 3;
			};
			name = Debug;
		};
		ED44059E2320097300939EA6 /* Release */ = {
			isa = XCBuildConfiguration;
			buildSettings = {
				CLANG_ENABLE_MODULES = YES;
				CODE_SIGN_IDENTITY = "";
				CODE_SIGN_STYLE = Automatic;
				DEFINES_MODULE = YES;
				DYLIB_COMPATIBILITY_VERSION = 1;
				DYLIB_CURRENT_VERSION = 1;
				DYLIB_INSTALL_NAME_BASE = "@rpath";
				INFOPLIST_FILE = FocusTv/Info.plist;
				INSTALL_PATH = "$(LOCAL_LIBRARY_DIR)/Frameworks";
				LD_RUNPATH_SEARCH_PATHS = (
					"$(inherited)",
					"@executable_path/Frameworks",
					"@loader_path/Frameworks",
				);
				PRODUCT_BUNDLE_IDENTIFIER = com.focustv.FocusTv;
				PRODUCT_NAME = "$(TARGET_NAME:c99extidentifier)";
				SKIP_INSTALL = YES;
				SWIFT_VERSION = 5.0;
				TARGETED_DEVICE_FAMILY = 3;
			};
			name = Release;
		};
		ED4405A02320097300939EA6 /* Debug */ = {
			isa = XCBuildConfiguration;
			buildSettings = {
				ALWAYS_EMBED_SWIFT_STANDARD_LIBRARIES = YES;
				CODE_SIGN_STYLE = Automatic;
				INFOPLIST_FILE = FocusTvTests/Info.plist;
				LD_RUNPATH_SEARCH_PATHS = (
					"$(inherited)",
					"@executable_path/Frameworks",
					"@loader_path/Frameworks",
				);
				PRODUCT_BUNDLE_IDENTIFIER = com.focustv.FocusTvTests;
				PRODUCT_NAME = "$(TARGET_NAME)";
				SWIFT_VERSION = 5.0;
				TARGETED_DEVICE_FAMILY = 3;
			};
			name = Debug;
		};
		ED4405A12320097300939EA6 /* Release */ = {
			isa = XCBuildConfiguration;
			buildSettings = {
				ALWAYS_EMBED_SWIFT_STANDARD_LIBRARIES = YES;
				CODE_SIGN_STYLE = Automatic;
				INFOPLIST_FILE = FocusTvTests/Info.plist;
				LD_RUNPATH_SEARCH_PATHS = (
					"$(inherited)",
					"@executable_path/Frameworks",
					"@loader_path/Frameworks",
				);
				PRODUCT_BUNDLE_IDENTIFIER = com.focustv.FocusTvTests;
				PRODUCT_NAME = "$(TARGET_NAME)";
				SWIFT_VERSION = 5.0;
				TARGETED_DEVICE_FAMILY = 3;
			};
			name = Release;
		};
		ED4405CB23200A9100939EA6 /* Debug */ = {
			isa = XCBuildConfiguration;
			buildSettings = {
				ASSETCATALOG_COMPILER_APPICON_NAME = "App Icon & Top Shelf Image";
				ASSETCATALOG_COMPILER_LAUNCHIMAGE_NAME = LaunchImage;
				CODE_SIGN_STYLE = Automatic;
				INFOPLIST_FILE = Example/Info.plist;
				LD_RUNPATH_SEARCH_PATHS = (
					"$(inherited)",
					"@executable_path/Frameworks",
				);
				PRODUCT_BUNDLE_IDENTIFIER = com.focustv.Example;
				PRODUCT_NAME = "$(TARGET_NAME)";
				SWIFT_VERSION = 5.0;
				TARGETED_DEVICE_FAMILY = 3;
			};
			name = Debug;
		};
		ED4405CC23200A9100939EA6 /* Release */ = {
			isa = XCBuildConfiguration;
			buildSettings = {
				ASSETCATALOG_COMPILER_APPICON_NAME = "App Icon & Top Shelf Image";
				ASSETCATALOG_COMPILER_LAUNCHIMAGE_NAME = LaunchImage;
				CODE_SIGN_STYLE = Automatic;
				INFOPLIST_FILE = Example/Info.plist;
				LD_RUNPATH_SEARCH_PATHS = (
					"$(inherited)",
					"@executable_path/Frameworks",
				);
				PRODUCT_BUNDLE_IDENTIFIER = com.focustv.Example;
				PRODUCT_NAME = "$(TARGET_NAME)";
				SWIFT_VERSION = 5.0;
				TARGETED_DEVICE_FAMILY = 3;
			};
			name = Release;
		};
		ED4405CE23200A9100939EA6 /* Debug */ = {
			isa = XCBuildConfiguration;
			buildSettings = {
				ALWAYS_EMBED_SWIFT_STANDARD_LIBRARIES = YES;
				BUNDLE_LOADER = "$(TEST_HOST)";
				CODE_SIGN_STYLE = Automatic;
				INFOPLIST_FILE = ExampleTests/Info.plist;
				LD_RUNPATH_SEARCH_PATHS = (
					"$(inherited)",
					"@executable_path/Frameworks",
					"@loader_path/Frameworks",
				);
				PRODUCT_BUNDLE_IDENTIFIER = com.focustv.ExampleTests;
				PRODUCT_NAME = "$(TARGET_NAME)";
				SWIFT_VERSION = 5.0;
				TARGETED_DEVICE_FAMILY = 3;
				TEST_HOST = "$(BUILT_PRODUCTS_DIR)/Example.app/Example";
			};
			name = Debug;
		};
		ED4405CF23200A9100939EA6 /* Release */ = {
			isa = XCBuildConfiguration;
			buildSettings = {
				ALWAYS_EMBED_SWIFT_STANDARD_LIBRARIES = YES;
				BUNDLE_LOADER = "$(TEST_HOST)";
				CODE_SIGN_STYLE = Automatic;
				INFOPLIST_FILE = ExampleTests/Info.plist;
				LD_RUNPATH_SEARCH_PATHS = (
					"$(inherited)",
					"@executable_path/Frameworks",
					"@loader_path/Frameworks",
				);
				PRODUCT_BUNDLE_IDENTIFIER = com.focustv.ExampleTests;
				PRODUCT_NAME = "$(TARGET_NAME)";
				SWIFT_VERSION = 5.0;
				TARGETED_DEVICE_FAMILY = 3;
				TEST_HOST = "$(BUILT_PRODUCTS_DIR)/Example.app/Example";
			};
			name = Release;
		};
		ED4405D123200A9100939EA6 /* Debug */ = {
			isa = XCBuildConfiguration;
			buildSettings = {
				ALWAYS_EMBED_SWIFT_STANDARD_LIBRARIES = YES;
				CODE_SIGN_STYLE = Automatic;
				INFOPLIST_FILE = ExampleUITests/Info.plist;
				LD_RUNPATH_SEARCH_PATHS = (
					"$(inherited)",
					"@executable_path/Frameworks",
					"@loader_path/Frameworks",
				);
				PRODUCT_BUNDLE_IDENTIFIER = com.focustv.ExampleUITests;
				PRODUCT_NAME = "$(TARGET_NAME)";
				SWIFT_VERSION = 5.0;
				TARGETED_DEVICE_FAMILY = 3;
				TEST_TARGET_NAME = Example;
			};
			name = Debug;
		};
		ED4405D223200A9100939EA6 /* Release */ = {
			isa = XCBuildConfiguration;
			buildSettings = {
				ALWAYS_EMBED_SWIFT_STANDARD_LIBRARIES = YES;
				CODE_SIGN_STYLE = Automatic;
				INFOPLIST_FILE = ExampleUITests/Info.plist;
				LD_RUNPATH_SEARCH_PATHS = (
					"$(inherited)",
					"@executable_path/Frameworks",
					"@loader_path/Frameworks",
				);
				PRODUCT_BUNDLE_IDENTIFIER = com.focustv.ExampleUITests;
				PRODUCT_NAME = "$(TARGET_NAME)";
				SWIFT_VERSION = 5.0;
				TARGETED_DEVICE_FAMILY = 3;
				TEST_TARGET_NAME = Example;
			};
			name = Release;
		};
/* End XCBuildConfiguration section */

/* Begin XCConfigurationList section */
		ED4405822320097300939EA6 /* Build configuration list for PBXProject "FocusTv" */ = {
			isa = XCConfigurationList;
			buildConfigurations = (
				ED44059A2320097300939EA6 /* Debug */,
				ED44059B2320097300939EA6 /* Release */,
			);
			defaultConfigurationIsVisible = 0;
			defaultConfigurationName = Release;
		};
		ED44059C2320097300939EA6 /* Build configuration list for PBXNativeTarget "FocusTv" */ = {
			isa = XCConfigurationList;
			buildConfigurations = (
				ED44059D2320097300939EA6 /* Debug */,
				ED44059E2320097300939EA6 /* Release */,
			);
			defaultConfigurationIsVisible = 0;
			defaultConfigurationName = Release;
		};
		ED44059F2320097300939EA6 /* Build configuration list for PBXNativeTarget "FocusTvTests" */ = {
			isa = XCConfigurationList;
			buildConfigurations = (
				ED4405A02320097300939EA6 /* Debug */,
				ED4405A12320097300939EA6 /* Release */,
			);
			defaultConfigurationIsVisible = 0;
			defaultConfigurationName = Release;
		};
		ED4405CA23200A9100939EA6 /* Build configuration list for PBXNativeTarget "Example" */ = {
			isa = XCConfigurationList;
			buildConfigurations = (
				ED4405CB23200A9100939EA6 /* Debug */,
				ED4405CC23200A9100939EA6 /* Release */,
			);
			defaultConfigurationIsVisible = 0;
			defaultConfigurationName = Release;
		};
		ED4405CD23200A9100939EA6 /* Build configuration list for PBXNativeTarget "ExampleTests" */ = {
			isa = XCConfigurationList;
			buildConfigurations = (
				ED4405CE23200A9100939EA6 /* Debug */,
				ED4405CF23200A9100939EA6 /* Release */,
			);
			defaultConfigurationIsVisible = 0;
			defaultConfigurationName = Release;
		};
		ED4405D023200A9100939EA6 /* Build configuration list for PBXNativeTarget "ExampleUITests" */ = {
			isa = XCConfigurationList;
			buildConfigurations = (
				ED4405D123200A9100939EA6 /* Debug */,
				ED4405D223200A9100939EA6 /* Release */,
			);
			defaultConfigurationIsVisible = 0;
			defaultConfigurationName = Release;
		};
/* End XCConfigurationList section */
	};
	rootObject = ED44057F2320097300939EA6 /* Project object */;
}
